
Microsoft Visual Studio Solution File, Format Version 12.00
# Visual Studio Version 17
VisualStudioVersion = 17.4.33205.214
MinimumVisualStudioVersion = 10.0.40219.1
Project("{FAE04EC0-301F-11D3-BF4B-00C04F79EFBC}") = "programme 1", "programme 1\programme 1.csproj", "{4AD8AD2E-DF66-4F7E-9894-A282A5852037}"
EndProject
Global
	GlobalSection(SolutionConfigurationPlatforms) = preSolution
		Debug|Any CPU = Debug|Any CPU
		Release|Any CPU = Release|Any CPU
	EndGlobalSection
	GlobalSection(ProjectConfigurationPlatforms) = postSolution
		{4AD8AD2E-DF66-4F7E-9894-A282A5852037}.Debug|Any CPU.ActiveCfg = Debug|Any CPU
		{4AD8AD2E-DF66-4F7E-9894-A282A5852037}.Debug|Any CPU.Build.0 = Debug|Any CPU
		{4AD8AD2E-DF66-4F7E-9894-A282A5852037}.Release|Any CPU.ActiveCfg = Release|Any CPU
		{4AD8AD2E-DF66-4F7E-9894-A282A5852037}.Release|Any CPU.Build.0 = Release|Any CPU
	EndGlobalSection
	GlobalSection(SolutionProperties) = preSolution
		HideSolutionNode = FALSE
	EndGlobalSection
	GlobalSection(ExtensibilityGlobals) = postSolution
		SolutionGuid = {A4EFB41F-7CAF-453A-AFD0-9AB5FF9A1C96}
	EndGlobalSection
EndGlobal
